
Microsoft Visual Studio Solution File, Format Version 12.00
# Visual Studio Version 17
VisualStudioVersion = 17.0.32014.148
MinimumVisualStudioVersion = 10.0.40219.1
Project("{9A19103F-16F7-4668-BE54-9A1E7A4F7556}") = "DiaNN.PD", "DiaNN.PD\DiaNN.PD.csproj", "{2AD7E149-8EF1-43B9-B320-8C4842443592}"
EndProject
Global
	GlobalSection(SolutionConfigurationPlatforms) = preSolution
		Debug|Any CPU = Debug|Any CPU
		Release|Any CPU = Release|Any CPU
	EndGlobalSection
	GlobalSection(ProjectConfigurationPlatforms) = postSolution
		{2AD7E149-8EF1-43B9-B320-8C4842443592}.Debug|Any CPU.ActiveCfg = Debug|Any CPU
		{2AD7E149-8EF1-43B9-B320-8C4842443592}.Debug|Any CPU.Build.0 = Debug|Any CPU
		{2AD7E149-8EF1-43B9-B320-8C4842443592}.Release|Any CPU.ActiveCfg = Release|Any CPU
		{2AD7E149-8EF1-43B9-B320-8C4842443592}.Release|Any CPU.Build.0 = Release|Any CPU
	EndGlobalSection
	GlobalSection(SolutionProperties) = preSolution
		HideSolutionNode = FALSE
	EndGlobalSection
	GlobalSection(ExtensibilityGlobals) = postSolution
		SolutionGuid = {14C13E46-FDC8-4586-B347-E57A286D2716}
	EndGlobalSection
EndGlobal
